Microsoft Visual Studio Solution File, Format Version 12.00
# Visual Studio Version 17
VisualStudioVersion = 17.5.2.0
MinimumVisualStudioVersion = 10.0.40219.1
Project("{FAE04EC0-301F-11D3-BF4B-00C04F79EFBC}") = "telegram-listener", "telegram-listener.csproj", "{9CE7B54C-AF14-0B66-84AE-F397A7B3D3EB}"
EndProject
Global
	GlobalSection(SolutionConfigurationPlatforms) = preSolution
		Debug|Any CPU = Debug|Any CPU
		Release|Any CPU = Release|Any CPU
	EndGlobalSection
	GlobalSection(ProjectConfigurationPlatforms) = postSolution
		{9CE7B54C-AF14-0B66-84AE-F397A7B3D3EB}.Debug|Any CPU.ActiveCfg = Debug|Any CPU
		{9CE7B54C-AF14-0B66-84AE-F397A7B3D3EB}.Debug|Any CPU.Build.0 = Debug|Any CPU
		{9CE7B54C-AF14-0B66-84AE-F397A7B3D3EB}.Release|Any CPU.ActiveCfg = Release|Any CPU
		{9CE7B54C-AF14-0B66-84AE-F397A7B3D3EB}.Release|Any CPU.Build.0 = Release|Any CPU
	EndGlobalSection
	GlobalSection(SolutionProperties) = preSolution
		HideSolutionNode = FALSE
	EndGlobalSection
	GlobalSection(ExtensibilityGlobals) = postSolution
		SolutionGuid = {726FF63B-E26A-4940-A6C5-B4914D400E88}
	EndGlobalSection
EndGlobal
